
Microsoft Visual Studio Solution File, Format Version 12.00
# Visual Studio Version 16
VisualStudioVersion = 25.0.1706.7
MinimumVisualStudioVersion = 10.0.40219.1
Project("{FAE04EC0-301F-11D3-BF4B-00C04F79EFBC}") = "WeiBudget", "WeiBudget\WeiBudget.csproj", "{7635AC4F-D55E-49B4-A214-6407FA412BF3}"
EndProject
Global
	GlobalSection(SolutionConfigurationPlatforms) = preSolution
		Debug|Any CPU = Debug|Any CPU
		Release|Any CPU = Release|Any CPU
	EndGlobalSection
	GlobalSection(ProjectConfigurationPlatforms) = postSolution
		{7635AC4F-D55E-49B4-A214-6407FA412BF3}.Debug|Any CPU.ActiveCfg = Debug|Any CPU
		{7635AC4F-D55E-49B4-A214-6407FA412BF3}.Debug|Any CPU.Build.0 = Debug|Any CPU
		{7635AC4F-D55E-49B4-A214-6407FA412BF3}.Release|Any CPU.ActiveCfg = Release|Any CPU
		{7635AC4F-D55E-49B4-A214-6407FA412BF3}.Release|Any CPU.Build.0 = Release|Any CPU
	EndGlobalSection
	GlobalSection(SolutionProperties) = preSolution
		HideSolutionNode = FALSE
	EndGlobalSection
	GlobalSection(ExtensibilityGlobals) = postSolution
		SolutionGuid = {A8AF5A93-3093-4B8B-BACF-18569D3B251D}
	EndGlobalSection
EndGlobal
